
Microsoft Visual Studio Solution File, Format Version 12.00
# Visual Studio Version 17
VisualStudioVersion = 17.10.35122.118
MinimumVisualStudioVersion = 10.0.40219.1
Project("{FAE04EC0-301F-11D3-BF4B-00C04F79EFBC}") = "14.3.3.Practice", "14.3.3.Practice\14.3.3.Practice.csproj", "{F42E645A-C684-4ECF-9E25-0DA43CEFF0D9}"
EndProject
Global
	GlobalSection(SolutionConfigurationPlatforms) = preSolution
		Debug|Any CPU = Debug|Any CPU
		Release|Any CPU = Release|Any CPU
	EndGlobalSection
	GlobalSection(ProjectConfigurationPlatforms) = postSolution
		{F42E645A-C684-4ECF-9E25-0DA43CEFF0D9}.Debug|Any CPU.ActiveCfg = Debug|Any CPU
		{F42E645A-C684-4ECF-9E25-0DA43CEFF0D9}.Debug|Any CPU.Build.0 = Debug|Any CPU
		{F42E645A-C684-4ECF-9E25-0DA43CEFF0D9}.Release|Any CPU.ActiveCfg = Release|Any CPU
		{F42E645A-C684-4ECF-9E25-0DA43CEFF0D9}.Release|Any CPU.Build.0 = Release|Any CPU
	EndGlobalSection
	GlobalSection(SolutionProperties) = preSolution
		HideSolutionNode = FALSE
	EndGlobalSection
	GlobalSection(ExtensibilityGlobals) = postSolution
		SolutionGuid = {1B4EC462-C2DC-4340-8B1C-754396FE0C35}
	EndGlobalSection
EndGlobal
